
Microsoft Visual Studio Solution File, Format Version 12.00
# Visual Studio 2013
VisualStudioVersion = 12.0.21005.1
MinimumVisualStudioVersion = 10.0.40219.1
Project("{FAE04EC0-301F-11D3-BF4B-00C04F79EFBC}") = "AccessMobileContacts", "AccessMobileContacts\AccessMobileContacts\AccessMobileContacts.csproj", "{DD461EE7-75CE-44E7-BD39-E4F1B4EC0C28}"
EndProject
Project("{FAE04EC0-301F-11D3-BF4B-00C04F79EFBC}") = "AccessMobileContacts.iOS", "AccessMobileContacts\AccessMobileContacts.iOS\AccessMobileContacts.iOS.csproj", "{EAE63E64-59F7-4F7F-BB70-C85DAB2FACFC}"
EndProject
Project("{FAE04EC0-301F-11D3-BF4B-00C04F79EFBC}") = "AccessMobileContacts.Android", "AccessMobileContacts\AccessMobileContacts.Android\AccessMobileContacts.Android.csproj", "{B6B6A86C-5254-45A1-ADE3-F0AB476E225E}"
EndProject
Project("{FAE04EC0-301F-11D3-BF4B-00C04F79EFBC}") = "AccessMobileContacts.WinPhone", "AccessMobileContacts\AccessMobileContacts.WinPhone\AccessMobileContacts.WinPhone.csproj", "{0B28EC6E-DA41-4BF5-8567-37BE9194247C}"
EndProject
Global
	GlobalSection(SolutionConfigurationPlatforms) = preSolution
		Ad-Hoc|Any CPU = Ad-Hoc|Any CPU
		Ad-Hoc|ARM = Ad-Hoc|ARM
		Ad-Hoc|iPhone = Ad-Hoc|iPhone
		Ad-Hoc|iPhoneSimulator = Ad-Hoc|iPhoneSimulator
		Ad-Hoc|Mixed Platforms = Ad-Hoc|Mixed Platforms
		Ad-Hoc|x86 = Ad-Hoc|x86
		AppStore|Any CPU = AppStore|Any CPU
		AppStore|ARM = AppStore|ARM
		AppStore|iPhone = AppStore|iPhone
		AppStore|iPhoneSimulator = AppStore|iPhoneSimulator
		AppStore|Mixed Platforms = AppStore|Mixed Platforms
		AppStore|x86 = AppStore|x86
		Debug|Any CPU = Debug|Any CPU
		Debug|ARM = Debug|ARM
		Debug|iPhone = Debug|iPhone
		Debug|iPhoneSimulator = Debug|iPhoneSimulator
		Debug|Mixed Platforms = Debug|Mixed Platforms
		Debug|x86 = Debug|x86
		Release|Any CPU = Release|Any CPU
		Release|ARM = Release|ARM
		Release|iPhone = Release|iPhone
		Release|iPhoneSimulator = Release|iPhoneSimulator
		Release|Mixed Platforms = Release|Mixed Platforms
		Release|x86 = Release|x86
	EndGlobalSection
	GlobalSection(ProjectConfigurationPlatforms) = postSolution
		{DD461EE7-75CE-44E7-BD39-E4F1B4EC0C28}.Ad-Hoc|Any CPU.ActiveCfg = Release|Any CPU
		{DD461EE7-75CE-44E7-BD39-E4F1B4EC0C28}.Ad-Hoc|Any CPU.Build.0 = Release|Any CPU
		{DD461EE7-75CE-44E7-BD39-E4F1B4EC0C28}.Ad-Hoc|ARM.ActiveCfg = Release|Any CPU
		{DD461EE7-75CE-44E7-BD39-E4F1B4EC0C28}.Ad-Hoc|iPhone.ActiveCfg = Release|Any CPU
		{DD461EE7-75CE-44E7-BD39-E4F1B4EC0C28}.Ad-Hoc|iPhoneSimulator.ActiveCfg = Release|Any CPU
		{DD461EE7-75CE-44E7-BD39-E4F1B4EC0C28}.Ad-Hoc|Mixed Platforms.ActiveCfg = Release|Any CPU
		{DD461EE7-75CE-44E7-BD39-E4F1B4EC0C28}.Ad-Hoc|Mixed Platforms.Build.0 = Release|Any CPU
		{DD461EE7-75CE-44E7-BD39-E4F1B4EC0C28}.Ad-Hoc|x86.ActiveCfg = Release|Any CPU
		{DD461EE7-75CE-44E7-BD39-E4F1B4EC0C28}.AppStore|Any CPU.ActiveCfg = Release|Any CPU
		{DD461EE7-75CE-44E7-BD39-E4F1B4EC0C28}.AppStore|Any CPU.Build.0 = Release|Any CPU
		{DD461EE7-75CE-44E7-BD39-E4F1B4EC0C28}.AppStore|ARM.ActiveCfg = Release|Any CPU
		{DD461EE7-75CE-44E7-BD39-E4F1B4EC0C28}.AppStore|iPhone.ActiveCfg = Release|Any CPU
		{DD461EE7-75CE-44E7-BD39-E4F1B4EC0C28}.AppStore|iPhoneSimulator.ActiveCfg = Release|Any CPU
		{DD461EE7-75CE-44E7-BD39-E4F1B4EC0C28}.AppStore|Mixed Platforms.ActiveCfg = Release|Any CPU
		{DD461EE7-75CE-44E7-BD39-E4F1B4EC0C28}.AppStore|Mixed Platforms.Build.0 = Release|Any CPU
		{DD461EE7-75CE-44E7-BD39-E4F1B4EC0C28}.AppStore|x86.ActiveCfg = Release|Any CPU
		{DD461EE7-75CE-44E7-BD39-E4F1B4EC0C28}.Debug|Any CPU.ActiveCfg = Debug|Any CPU
		{DD461EE7-75CE-44E7-BD39-E4F1B4EC0C28}.Debug|Any CPU.Build.0 = Debug|Any CPU
		{DD461EE7-75CE-44E7-BD39-E4F1B4EC0C28}.Debug|ARM.ActiveCfg = Debug|Any CPU
		{DD461EE7-75CE-44E7-BD39-E4F1B4EC0C28}.Debug|iPhone.ActiveCfg = Debug|Any CPU
		{DD461EE7-75CE-44E7-BD39-E4F1B4EC0C28}.Debug|iPhoneSimulator.ActiveCfg = Debug|Any CPU
		{DD461EE7-75CE-44E7-BD39-E4F1B4EC0C28}.Debug|Mixed Platforms.ActiveCfg = Debug|Any CPU
		{DD461EE7-75CE-44E7-BD39-E4F1B4EC0C28}.Debug|Mixed Platforms.Build.0 = Debug|Any CPU
		{DD461EE7-75CE-44E7-BD39-E4F1B4EC0C28}.Debug|x86.ActiveCfg = Debug|Any CPU
		{DD461EE7-75CE-44E7-BD39-E4F1B4EC0C28}.Release|Any CPU.ActiveCfg = Release|Any CPU
		{DD461EE7-75CE-44E7-BD39-E4F1B4EC0C28}.Release|Any CPU.Build.0 = Release|Any CPU
		{DD461EE7-75CE-44E7-BD39-E4F1B4EC0C28}.Release|ARM.ActiveCfg = Release|Any CPU
		{DD461EE7-75CE-44E7-BD39-E4F1B4EC0C28}.Release|iPhone.ActiveCfg = Release|Any CPU
		{DD461EE7-75CE-44E7-BD39-E4F1B4EC0C28}.Release|iPhoneSimulator.ActiveCfg = Release|Any CPU
		{DD461EE7-75CE-44E7-BD39-E4F1B4EC0C28}.Release|Mixed Platforms.ActiveCfg = Release|Any CPU
		{DD461EE7-75CE-44E7-BD39-E4F1B4EC0C28}.Release|Mixed Platforms.Build.0 = Release|Any CPU
		{DD461EE7-75CE-44E7-BD39-E4F1B4EC0C28}.Release|x86.ActiveCfg = Release|Any CPU
		{EAE63E64-59F7-4F7F-BB70-C85DAB2FACFC}.Ad-Hoc|Any CPU.ActiveCfg = Ad-Hoc|iPhone
		{EAE63E64-59F7-4F7F-BB70-C85DAB2FACFC}.Ad-Hoc|ARM.ActiveCfg = Ad-Hoc|iPhone
		{EAE63E64-59F7-4F7F-BB70-C85DAB2FACFC}.Ad-Hoc|iPhone.ActiveCfg = Ad-Hoc|iPhone
		{EAE63E64-59F7-4F7F-BB70-C85DAB2FACFC}.Ad-Hoc|iPhone.Build.0 = Ad-Hoc|iPhone
		{EAE63E64-59F7-4F7F-BB70-C85DAB2FACFC}.Ad-Hoc|iPhone.Deploy.0 = Ad-Hoc|iPhone
		{EAE63E64-59F7-4F7F-BB70-C85DAB2FACFC}.Ad-Hoc|iPhoneSimulator.ActiveCfg = Ad-Hoc|iPhoneSimulator
		{EAE63E64-59F7-4F7F-BB70-C85DAB2FACFC}.Ad-Hoc|iPhoneSimulator.Build.0 = Ad-Hoc|iPhoneSimulator
		{EAE63E64-59F7-4F7F-BB70-C85DAB2FACFC}.Ad-Hoc|iPhoneSimulator.Deploy.0 = Ad-Hoc|iPhoneSimulator
		{EAE63E64-59F7-4F7F-BB70-C85DAB2FACFC}.Ad-Hoc|Mixed Platforms.ActiveCfg = Ad-Hoc|iPhone
		{EAE63E64-59F7-4F7F-BB70-C85DAB2FACFC}.Ad-Hoc|Mixed Platforms.Build.0 = Ad-Hoc|iPhone
		{EAE63E64-59F7-4F7F-BB70-C85DAB2FACFC}.Ad-Hoc|Mixed Platforms.Deploy.0 = Ad-Hoc|iPhone
		{EAE63E64-59F7-4F7F-BB70-C85DAB2FACFC}.Ad-Hoc|x86.ActiveCfg = Ad-Hoc|iPhone
		{EAE63E64-59F7-4F7F-BB70-C85DAB2FACFC}.AppStore|Any CPU.ActiveCfg = AppStore|iPhone
		{EAE63E64-59F7-4F7F-BB70-C85DAB2FACFC}.AppStore|ARM.ActiveCfg = AppStore|iPhone
		{EAE63E64-59F7-4F7F-BB70-C85DAB2FACFC}.AppStore|iPhone.ActiveCfg = AppStore|iPhone
		{EAE63E64-59F7-4F7F-BB70-C85DAB2FACFC}.AppStore|iPhone.Build.0 = AppStore|iPhone
		{EAE63E64-59F7-4F7F-BB70-C85DAB2FACFC}.AppStore|iPhone.Deploy.0 = AppStore|iPhone
		{EAE63E64-59F7-4F7F-BB70-C85DAB2FACFC}.AppStore|iPhoneSimulator.ActiveCfg = AppStore|iPhoneSimulator
		{EAE63E64-59F7-4F7F-BB70-C85DAB2FACFC}.AppStore|iPhoneSimulator.Build.0 = AppStore|iPhoneSimulator
		{EAE63E64-59F7-4F7F-BB70-C85DAB2FACFC}.AppStore|iPhoneSimulator.Deploy.0 = AppStore|iPhoneSimulator
		{EAE63E64-59F7-4F7F-BB70-C85DAB2FACFC}.AppStore|Mixed Platforms.ActiveCfg = AppStore|iPhone
		{EAE63E64-59F7-4F7F-BB70-C85DAB2FACFC}.AppStore|Mixed Platforms.Build.0 = AppStore|iPhone
		{EAE63E64-59F7-4F7F-BB70-C85DAB2FACFC}.AppStore|Mixed Platforms.Deploy.0 = AppStore|iPhone
		{EAE63E64-59F7-4F7F-BB70-C85DAB2FACFC}.AppStore|x86.ActiveCfg = AppStore|iPhone
		{EAE63E64-59F7-4F7F-BB70-C85DAB2FACFC}.Debug|Any CPU.ActiveCfg = Debug|iPhone
		{EAE63E64-59F7-4F7F-BB70-C85DAB2FACFC}.Debug|ARM.ActiveCfg = Debug|iPhone
		{EAE63E64-59F7-4F7F-BB70-C85DAB2FACFC}.Debug|iPhone.ActiveCfg = Debug|iPhone
		{EAE63E64-59F7-4F7F-BB70-C85DAB2FACFC}.Debug|iPhone.Build.0 = Debug|iPhone
		{EAE63E64-59F7-4F7F-BB70-C85DAB2FACFC}.Debug|iPhone.Deploy.0 = Debug|iPhone
		{EAE63E64-59F7-4F7F-BB70-C85DAB2FACFC}.Debug|iPhoneSimulator.ActiveCfg = Debug|iPhoneSimulator
		{EAE63E64-59F7-4F7F-BB70-C85DAB2FACFC}.Debug|iPhoneSimulator.Build.0 = Debug|iPhoneSimulator
		{EAE63E64-59F7-4F7F-BB70-C85DAB2FACFC}.Debug|iPhoneSimulator.Deploy.0 = Debug|iPhoneSimulator
		{EAE63E64-59F7-4F7F-BB70-C85DAB2FACFC}.Debug|Mixed Platforms.ActiveCfg = Debug|iPhone
		{EAE63E64-59F7-4F7F-BB70-C85DAB2FACFC}.Debug|Mixed Platforms.Build.0 = Debug|iPhone
		{EAE63E64-59F7-4F7F-BB70-C85DAB2FACFC}.Debug|Mixed Platforms.Deploy.0 = Debug|iPhone
		{EAE63E64-59F7-4F7F-BB70-C85DAB2FACFC}.Debug|x86.ActiveCfg = Debug|iPhone
		{EAE63E64-59F7-4F7F-BB70-C85DAB2FACFC}.Release|Any CPU.ActiveCfg = Release|iPhone
		{EAE63E64-59F7-4F7F-BB70-C85DAB2FACFC}.Release|ARM.ActiveCfg = Release|iPhone
		{EAE63E64-59F7-4F7F-BB70-C85DAB2FACFC}.Release|iPhone.ActiveCfg = Release|iPhone
		{EAE63E64-59F7-4F7F-BB70-C85DAB2FACFC}.Release|iPhone.Build.0 = Release|iPhone
		{EAE63E64-59F7-4F7F-BB70-C85DAB2FACFC}.Release|iPhone.Deploy.0 = Release|iPhone
		{EAE63E64-59F7-4F7F-BB70-C85DAB2FACFC}.Release|iPhoneSimulator.ActiveCfg = Release|iPhoneSimulator
		{EAE63E64-59F7-4F7F-BB70-C85DAB2FACFC}.Release|iPhoneSimulator.Build.0 = Release|iPhoneSimulator
		{EAE63E64-59F7-4F7F-BB70-C85DAB2FACFC}.Release|iPhoneSimulator.Deploy.0 = Release|iPhoneSimulator
		{EAE63E64-59F7-4F7F-BB70-C85DAB2FACFC}.Release|Mixed Platforms.ActiveCfg = Release|iPhone
		{EAE63E64-59F7-4F7F-BB70-C85DAB2FACFC}.Release|Mixed Platforms.Build.0 = Release|iPhone
		{EAE63E64-59F7-4F7F-BB70-C85DAB2FACFC}.Release|Mixed Platforms.Deploy.0 = Release|iPhone
		{EAE63E64-59F7-4F7F-BB70-C85DAB2FACFC}.Release|x86.ActiveCfg = Release|iPhone
		{B6B6A86C-5254-45A1-ADE3-F0AB476E225E}.Ad-Hoc|Any CPU.ActiveCfg = Release|Any CPU
		{B6B6A86C-5254-45A1-ADE3-F0AB476E225E}.Ad-Hoc|Any CPU.Build.0 = Release|Any CPU
		{B6B6A86C-5254-45A1-ADE3-F0AB476E225E}.Ad-Hoc|Any CPU.Deploy.0 = Release|Any CPU
		{B6B6A86C-5254-45A1-ADE3-F0AB476E225E}.Ad-Hoc|ARM.ActiveCfg = Release|Any CPU
		{B6B6A86C-5254-45A1-ADE3-F0AB476E225E}.Ad-Hoc|iPhone.ActiveCfg = Release|Any CPU
		{B6B6A86C-5254-45A1-ADE3-F0AB476E225E}.Ad-Hoc|iPhoneSimulator.ActiveCfg = Release|Any CPU
		{B6B6A86C-5254-45A1-ADE3-F0AB476E225E}.Ad-Hoc|Mixed Platforms.ActiveCfg = Release|Any CPU
		{B6B6A86C-5254-45A1-ADE3-F0AB476E225E}.Ad-Hoc|Mixed Platforms.Build.0 = Release|Any CPU
		{B6B6A86C-5254-45A1-ADE3-F0AB476E225E}.Ad-Hoc|Mixed Platforms.Deploy.0 = Release|Any CPU
		{B6B6A86C-5254-45A1-ADE3-F0AB476E225E}.Ad-Hoc|x86.ActiveCfg = Release|Any CPU
		{B6B6A86C-5254-45A1-ADE3-F0AB476E225E}.AppStore|Any CPU.ActiveCfg = Release|Any CPU
		{B6B6A86C-5254-45A1-ADE3-F0AB476E225E}.AppStore|Any CPU.Build.0 = Release|Any CPU
		{B6B6A86C-5254-45A1-ADE3-F0AB476E225E}.AppStore|Any CPU.Deploy.0 = Release|Any CPU
		{B6B6A86C-5254-45A1-ADE3-F0AB476E225E}.AppStore|ARM.ActiveCfg = Release|Any CPU
		{B6B6A86C-5254-45A1-ADE3-F0AB476E225E}.AppStore|iPhone.ActiveCfg = Release|Any CPU
		{B6B6A86C-5254-45A1-ADE3-F0AB476E225E}.AppStore|iPhoneSimulator.ActiveCfg = Release|Any CPU
		{B6B6A86C-5254-45A1-ADE3-F0AB476E225E}.AppStore|Mixed Platforms.ActiveCfg = Release|Any CPU
		{B6B6A86C-5254-45A1-ADE3-F0AB476E225E}.AppStore|Mixed Platforms.Build.0 = Release|Any CPU
		{B6B6A86C-5254-45A1-ADE3-F0AB476E225E}.AppStore|Mixed Platforms.Deploy.0 = Release|Any CPU
		{B6B6A86C-5254-45A1-ADE3-F0AB476E225E}.AppStore|x86.ActiveCfg = Release|Any CPU
		{B6B6A86C-5254-45A1-ADE3-F0AB476E225E}.Debug|Any CPU.ActiveCfg = Debug|Any CPU
		{B6B6A86C-5254-45A1-ADE3-F0AB476E225E}.Debug|Any CPU.Build.0 = Debug|Any CPU
		{B6B6A86C-5254-45A1-ADE3-F0AB476E225E}.Debug|Any CPU.Deploy.0 = Debug|Any CPU
		{B6B6A86C-5254-45A1-ADE3-F0AB476E225E}.Debug|ARM.ActiveCfg = Debug|Any CPU
		{B6B6A86C-5254-45A1-ADE3-F0AB476E225E}.Debug|iPhone.ActiveCfg = Debug|Any CPU
		{B6B6A86C-5254-45A1-ADE3-F0AB476E225E}.Debug|iPhoneSimulator.ActiveCfg = Debug|Any CPU
		{B6B6A86C-5254-45A1-ADE3-F0AB476E225E}.Debug|Mixed Platforms.ActiveCfg = Debug|Any CPU
		{B6B6A86C-5254-45A1-ADE3-F0AB476E225E}.Debug|Mixed Platforms.Build.0 = Debug|Any CPU
		{B6B6A86C-5254-45A1-ADE3-F0AB476E225E}.Debug|Mixed Platforms.Deploy.0 = Debug|Any CPU
		{B6B6A86C-5254-45A1-ADE3-F0AB476E225E}.Debug|x86.ActiveCfg = Debug|Any CPU
		{B6B6A86C-5254-45A1-ADE3-F0AB476E225E}.Release|Any CPU.ActiveCfg = Release|Any CPU
		{B6B6A86C-5254-45A1-ADE3-F0AB476E225E}.Release|Any CPU.Build.0 = Release|Any CPU
		{B6B6A86C-5254-45A1-ADE3-F0AB476E225E}.Release|Any CPU.Deploy.0 = Release|Any CPU
		{B6B6A86C-5254-45A1-ADE3-F0AB476E225E}.Release|ARM.ActiveCfg = Release|Any CPU
		{B6B6A86C-5254-45A1-ADE3-F0AB476E225E}.Release|iPhone.ActiveCfg = Release|Any CPU
		{B6B6A86C-5254-45A1-ADE3-F0AB476E225E}.Release|iPhoneSimulator.ActiveCfg = Release|Any CPU
		{B6B6A86C-5254-45A1-ADE3-F0AB476E225E}.Release|Mixed Platforms.ActiveCfg = Release|Any CPU
		{B6B6A86C-5254-45A1-ADE3-F0AB476E225E}.Release|Mixed Platforms.Build.0 = Release|Any CPU
		{B6B6A86C-5254-45A1-ADE3-F0AB476E225E}.Release|Mixed Platforms.Deploy.0 = Release|Any CPU
		{B6B6A86C-5254-45A1-ADE3-F0AB476E225E}.Release|x86.ActiveCfg = Release|Any CPU
		{0B28EC6E-DA41-4BF5-8567-37BE9194247C}.Ad-Hoc|Any CPU.ActiveCfg = Release|Any CPU
		{0B28EC6E-DA41-4BF5-8567-37BE9194247C}.Ad-Hoc|Any CPU.Build.0 = Release|Any CPU
		{0B28EC6E-DA41-4BF5-8567-37BE9194247C}.Ad-Hoc|Any CPU.Deploy.0 = Release|Any CPU
		{0B28EC6E-DA41-4BF5-8567-37BE9194247C}.Ad-Hoc|ARM.ActiveCfg = Release|ARM
		{0B28EC6E-DA41-4BF5-8567-37BE9194247C}.Ad-Hoc|ARM.Build.0 = Release|ARM
		{0B28EC6E-DA41-4BF5-8567-37BE9194247C}.Ad-Hoc|ARM.Deploy.0 = Release|ARM
		{0B28EC6E-DA41-4BF5-8567-37BE9194247C}.Ad-Hoc|iPhone.ActiveCfg = Release|Any CPU
		{0B28EC6E-DA41-4BF5-8567-37BE9194247C}.Ad-Hoc|iPhoneSimulator.ActiveCfg = Release|Any CPU
		{0B28EC6E-DA41-4BF5-8567-37BE9194247C}.Ad-Hoc|Mixed Platforms.ActiveCfg = Release|x86
		{0B28EC6E-DA41-4BF5-8567-37BE9194247C}.Ad-Hoc|Mixed Platforms.Build.0 = Release|x86
		{0B28EC6E-DA41-4BF5-8567-37BE9194247C}.Ad-Hoc|Mixed Platforms.Deploy.0 = Release|x86
		{0B28EC6E-DA41-4BF5-8567-37BE9194247C}.Ad-Hoc|x86.ActiveCfg = Release|x86
		{0B28EC6E-DA41-4BF5-8567-37BE9194247C}.Ad-Hoc|x86.Build.0 = Release|x86
		{0B28EC6E-DA41-4BF5-8567-37BE9194247C}.Ad-Hoc|x86.Deploy.0 = Release|x86
		{0B28EC6E-DA41-4BF5-8567-37BE9194247C}.AppStore|Any CPU.ActiveCfg = Release|Any CPU
		{0B28EC6E-DA41-4BF5-8567-37BE9194247C}.AppStore|Any CPU.Build.0 = Release|Any CPU
		{0B28EC6E-DA41-4BF5-8567-37BE9194247C}.AppStore|Any CPU.Deploy.0 = Release|Any CPU
		{0B28EC6E-DA41-4BF5-8567-37BE9194247C}.AppStore|ARM.ActiveCfg = Release|ARM
		{0B28EC6E-DA41-4BF5-8567-37BE9194247C}.AppStore|ARM.Build.0 = Release|ARM
		{0B28EC6E-DA41-4BF5-8567-37BE9194247C}.AppStore|ARM.Deploy.0 = Release|ARM
		{0B28EC6E-DA41-4BF5-8567-37BE9194247C}.AppStore|iPhone.ActiveCfg = Release|Any CPU
		{0B28EC6E-DA41-4BF5-8567-37BE9194247C}.AppStore|iPhoneSimulator.ActiveCfg = Release|Any CPU
		{0B28EC6E-DA41-4BF5-8567-37BE9194247C}.AppStore|Mixed Platforms.ActiveCfg = Release|x86
		{0B28EC6E-DA41-4BF5-8567-37BE9194247C}.AppStore|Mixed Platforms.Build.0 = Release|x86
		{0B28EC6E-DA41-4BF5-8567-37BE9194247C}.AppStore|Mixed Platforms.Deploy.0 = Release|x86
		{0B28EC6E-DA41-4BF5-8567-37BE9194247C}.AppStore|x86.ActiveCfg = Release|x86
		{0B28EC6E-DA41-4BF5-8567-37BE9194247C}.AppStore|x86.Build.0 = Release|x86
		{0B28EC6E-DA41-4BF5-8567-37BE9194247C}.AppStore|x86.Deploy.0 = Release|x86
		{0B28EC6E-DA41-4BF5-8567-37BE9194247C}.Debug|Any CPU.ActiveCfg = Debug|Any CPU
		{0B28EC6E-DA41-4BF5-8567-37BE9194247C}.Debug|Any CPU.Build.0 = Debug|Any CPU
		{0B28EC6E-DA41-4BF5-8567-37BE9194247C}.Debug|Any CPU.Deploy.0 = Debug|Any CPU
		{0B28EC6E-DA41-4BF5-8567-37BE9194247C}.Debug|ARM.ActiveCfg = Debug|ARM
		{0B28EC6E-DA41-4BF5-8567-37BE9194247C}.Debug|ARM.Build.0 = Debug|ARM
		{0B28EC6E-DA41-4BF5-8567-37BE9194247C}.Debug|ARM.Deploy.0 = Debug|ARM
		{0B28EC6E-DA41-4BF5-8567-37BE9194247C}.Debug|iPhone.ActiveCfg = Debug|Any CPU
		{0B28EC6E-DA41-4BF5-8567-37BE9194247C}.Debug|iPhoneSimulator.ActiveCfg = Debug|Any CPU
		{0B28EC6E-DA41-4BF5-8567-37BE9194247C}.Debug|Mixed Platforms.ActiveCfg = Debug|x86
		{0B28EC6E-DA41-4BF5-8567-37BE9194247C}.Debug|Mixed Platforms.Build.0 = Debug|x86
		{0B28EC6E-DA41-4BF5-8567-37BE9194247C}.Debug|Mixed Platforms.Deploy.0 = Debug|x86
		{0B28EC6E-DA41-4BF5-8567-37BE9194247C}.Debug|x86.ActiveCfg = Debug|x86
		{0B28EC6E-DA41-4BF5-8567-37BE9194247C}.Debug|x86.Build.0 = Debug|x86
		{0B28EC6E-DA41-4BF5-8567-37BE9194247C}.Debug|x86.Deploy.0 = Debug|x86
		{0B28EC6E-DA41-4BF5-8567-37BE9194247C}.Release|Any CPU.ActiveCfg = Release|Any CPU
		{0B28EC6E-DA41-4BF5-8567-37BE9194247C}.Release|Any CPU.Build.0 = Release|Any CPU
		{0B28EC6E-DA41-4BF5-8567-37BE9194247C}.Release|Any CPU.Deploy.0 = Release|Any CPU
		{0B28EC6E-DA41-4BF5-8567-37BE9194247C}.Release|ARM.ActiveCfg = Release|ARM
		{0B28EC6E-DA41-4BF5-8567-37BE9194247C}.Release|ARM.Build.0 = Release|ARM
		{0B28EC6E-DA41-4BF5-8567-37BE9194247C}.Release|ARM.Deploy.0 = Release|ARM
		{0B28EC6E-DA41-4BF5-8567-37BE9194247C}.Release|iPhone.ActiveCfg = Release|Any CPU
		{0B28EC6E-DA41-4BF5-8567-37BE9194247C}.Release|iPhoneSimulator.ActiveCfg = Release|Any CPU
		{0B28EC6E-DA41-4BF5-8567-37BE9194247C}.Release|Mixed Platforms.ActiveCfg = Release|x86
		{0B28EC6E-DA41-4BF5-8567-37BE9194247C}.Release|Mixed Platforms.Build.0 = Release|x86
		{0B28EC6E-DA41-4BF5-8567-37BE9194247C}.Release|Mixed Platforms.Deploy.0 = Release|x86
		{0B28EC6E-DA41-4BF5-8567-37BE9194247C}.Release|x86.ActiveCfg = Release|x86
		{0B28EC6E-DA41-4BF5-8567-37BE9194247C}.Release|x86.Build.0 = Release|x86
		{0B28EC6E-DA41-4BF5-8567-37BE9194247C}.Release|x86.Deploy.0 = Release|x86
	EndGlobalSection
	GlobalSection(SolutionProperties) = preSolution
		HideSolutionNode = FALSE
	EndGlobalSection
EndGlobal
